// !$*UTF8*$!
{
	archiveVersion = 1;
	classes = {
	};
	objectVersion = 50;
	objects = {

/* Begin PBXBuildFile section */
		460B9A6D23775E0100C2ADF0 /* AppDelegate.swift in Sources */ = {isa = PBXBuildFile; fileRef = 460B9A6C23775E0100C2ADF0 /* AppDelegate.swift */; };
		460B9A6F23775E0100C2ADF0 /* SceneDelegate.swift in Sources */ = {isa = PBXBuildFile; fileRef = 460B9A6E23775E0100C2ADF0 /* SceneDelegate.swift */; };
		460B9A7123775E0100C2ADF0 /* ContentView.swift in Sources */ = {isa = PBXBuildFile; fileRef = 460B9A7023775E0100C2ADF0 /* ContentView.swift */; };
		460B9A7323775E0300C2ADF0 /* Assets.xcassets in Resources */ = {isa = PBXBuildFile; fileRef = 460B9A7223775E0300C2ADF0 /* Assets.xcassets */; };
		460B9A7623775E0300C2ADF0 /* Preview Assets.xcassets in Resources */ = {isa = PBXBuildFile; fileRef = 460B9A7523775E0300C2ADF0 /* Preview Assets.xcassets */; };
		460B9A7923775E0300C2ADF0 /* LaunchScreen.storyboard in Resources */ = {isa = PBXBuildFile; fileRef = 460B9A7723775E0300C2ADF0 /* LaunchScreen.storyboard */; };
/* End PBXBuildFile section */

/* Begin PBXFileReference section */
		460B9A6923775E0100C2ADF0 /* SwiftUi_Flipside.app */ = {isa = PBXFileReference; explicitFileType = wrapper.application; includeInIndex = 0; path = SwiftUi_Flipside.app; sourceTree = BUILT_PRODUCTS_DIR; };
		460B9A6C23775E0100C2ADF0 /* AppDelegate.swift */ = {isa = PBXFileReference; lastKnownFileType = sourcecode.swift; path = AppDelegate.swift; sourceTree = "<group>"; };
		460B9A6E23775E0100C2ADF0 /* SceneDelegate.swift */ = {isa = PBXFileReference; lastKnownFileType = sourcecode.swift; path = SceneDelegate.swift; sourceTree = "<group>"; };
		460B9A7023775E0100C2ADF0 /* ContentView.swift */ = {isa = PBXFileReference; lastKnownFileType = sourcecode.swift; path = ContentView.swift; sourceTree = "<group>"; };
		460B9A7223775E0300C2ADF0 /* Assets.xcassets */ = {isa = PBXFileReference; lastKnownFileType = folder.assetcatalog; path = Assets.xcassets; sourceTree = "<group>"; };
		460B9A7523775E0300C2ADF0 /* Preview Assets.xcassets */ = {isa = PBXFileReference; lastKnownFileType = folder.assetcatalog; path = "Preview Assets.xcassets"; sourceTree = "<group>"; };
		460B9A7823775E0300C2ADF0 /* Base */ = {isa = PBXFileReference; lastKnownFileType = file.storyboard; name = Base; path = Base.lproj/LaunchScreen.storyboard; sourceTree = "<group>"; };
		460B9A7A23775E0300C2ADF0 /* Info.plist */ = {isa = PBXFileReference; lastKnownFileType = text.plist.xml; path = Info.plist; sourceTree = "<group>"; };
/* End PBXFileReference section */

/* Begin PBXFrameworksBuildPhase section */
		460B9A6623775E0100C2ADF0 /* Frameworks */ = {
			isa = PBXFrameworksBuildPhase;
			buildActionMask = 2147483647;
			files = (
			);
			runOnlyForDeploymentPostprocessing = 0;
		};
/* End PBXFrameworksBuildPhase section */

/* Begin PBXGroup section */
		460B9A6023775E0100C2ADF0 = {
			isa = PBXGroup;
			children = (
				460B9A6B23775E0100C2ADF0 /* SwiftUi_Flipside */,
				460B9A6A23775E0100C2ADF0 /* Products */,
			);
			sourceTree = "<group>";
		};
		460B9A6A23775E0100C2ADF0 /* Products */ = {
			isa = PBXGroup;
			children = (
				460B9A6923775E0100C2ADF0 /* SwiftUi_Flipside.app */,
			);
			name = Products;
			sourceTree = "<group>";
		};
		460B9A6B23775E0100C2ADF0 /* SwiftUi_Flipside */ = {
			isa = PBXGroup;
			children = (
				460B9A6C23775E0100C2ADF0 /* AppDelegate.swift */,
				460B9A6E23775E0100C2ADF0 /* SceneDelegate.swift */,
				460B9A7023775E0100C2ADF0 /* ContentView.swift */,
				460B9A7223775E0300C2ADF0 /* Assets.xcassets */,
				460B9A7723775E0300C2ADF0 /* LaunchScreen.storyboard */,
				460B9A7A23775E0300C2ADF0 /* Info.plist */,
				460B9A7423775E0300C2ADF0 /* Preview Content */,
			);
			path = SwiftUi_Flipside;
			sourceTree = "<group>";
		};
		460B9A7423775E0300C2ADF0 /* Preview Content */ = {
			isa = PBXGroup;
			children = (
				460B9A7523775E0300C2ADF0 /* Preview Assets.xcassets */,
			);
			path = "Preview Content";
			sourceTree = "<group>";
		};
/* End PBXGroup section */

/* Begin PBXNativeTarget section */
		460B9A6823775E0100C2ADF0 /* SwiftUi_Flipside */ = {
			isa = PBXNativeTarget;
			buildConfigurationList = 460B9A7D23775E0300C2ADF0 /* Build configuration list for PBXNativeTarget "SwiftUi_Flipside" */;
			buildPhases = (
				460B9A6523775E0100C2ADF0 /* Sources */,
				460B9A6623775E0100C2ADF0 /* Frameworks */,
				460B9A6723775E0100C2ADF0 /* Resources */,
			);
			buildRules = (
			);
			dependencies = (
			);
			name = SwiftUi_Flipside;
			productName = SwiftUi_Flipside;
			productReference = 460B9A6923775E0100C2ADF0 /* SwiftUi_Flipside.app */;
			productType = "com.apple.product-type.application";
		};
/* End PBXNativeTarget section */

/* Begin PBXProject section */
		460B9A6123775E0100C2ADF0 /* Project object */ = {
			isa = PBXProject;
			attributes = {
				LastSwiftUpdateCheck = 1120;
				LastUpgradeCheck = 1120;
				ORGANIZATIONNAME = "Larry Shannon";
				TargetAttributes = {
					460B9A6823775E0100C2ADF0 = {
						CreatedOnToolsVersion = 11.2;
					};
				};
			};
			buildConfigurationList = 460B9A6423775E0100C2ADF0 /* Build configuration list for PBXProject "SwiftUi_Flipside" */;
			compatibilityVersion = "Xcode 9.3";
			developmentRegion = en;
			hasScannedForEncodings = 0;
			knownRegions = (
				en,
				Base,
			);
			mainGroup = 460B9A6023775E0100C2ADF0;
			productRefGroup = 460B9A6A23775E0100C2ADF0 /* Products */;
			projectDirPath = "";
			projectRoot = "";
			targets = (
				460B9A6823775E0100C2ADF0 /* SwiftUi_Flipside */,
			);
		};
/* End PBXProject section */

/* Begin PBXResourcesBuildPhase section */
		460B9A6723775E0100C2ADF0 /* Resources */ = {
			isa = PBXResourcesBuildPhase;
			buildActionMask = 2147483647;
			files = (
				460B9A7923775E0300C2ADF0 /* LaunchScreen.storyboard in Resources */,
				460B9A7623775E0300C2ADF0 /* Preview Assets.xcassets in Resources */,
				460B9A7323775E0300C2ADF0 /* Assets.xcassets in Resources */,
			);
			runOnlyForDeploymentPostprocessing = 0;
		};
/* End PBXResourcesBuildPhase section */

/* Begin PBXSourcesBuildPhase section */
		460B9A6523775E0100C2ADF0 /* Sources */ = {
			isa = PBXSourcesBuildPhase;
			buildActionMask = 2147483647;
			files = (
				460B9A6D23775E0100C2ADF0 /* AppDelegate.swift in Sources */,
				460B9A6F23775E0100C2ADF0 /* SceneDelegate.swift in Sources */,
				460B9A7123775E0100C2ADF0 /* ContentView.swift in Sources */,
			);
			runOnlyForDeploymentPostprocessing = 0;
		};
/* End PBXSourcesBuildPhase section */

/* Begin PBXVariantGroup section */
		460B9A7723775E0300C2ADF0 /* LaunchScreen.storyboard */ = {
			isa = PBXVariantGroup;
			children = (
				460B9A7823775E0300C2ADF0 /* Base */,
			);
			name = LaunchScreen.storyboard;
			sourceTree = "<group>";
		};
/* End PBXVariantGroup section */

/* Begin XCBuildConfiguration section */
		460B9A7B23775E0300C2ADF0 /* Debug */ = {
			isa = XCBuildConfiguration;
			buildSettings = {
				ALWAYS_SEARCH_USER_PATHS = NO;
				CLANG_ANALYZER_NONNULL = YES;
				CLANG_ANALYZER_NUMBER_OBJECT_CONVERSION = YES_AGGRESSIVE;
				CLANG_CXX_LANGUAGE_STANDARD = "gnu++14";
				CLANG_CXX_LIBRARY = "libc++";
				CLANG_ENABLE_MODULES = YES;
				CLANG_ENABLE_OBJC_ARC = YES;
				CLANG_ENABLE_OBJC_WEAK = YES;
				CLANG_WARN_BLOCK_CAPTURE_AUTORELEASING = YES;
				CLANG_WARN_BOOL_CONVERSION = YES;
				CLANG_WARN_COMMA = YES;
				CLANG_WARN_CONSTANT_CONVERSION = YES;
				CLANG_WARN_DEPRECATED_OBJC_IMPLEMENTATIONS = YES;
				CLANG_WARN_DIRECT_OBJC_ISA_USAGE = YES_ERROR;
				CLANG_WARN_DOCUMENTATION_COMMENTS = YES;
				CLANG_WARN_EMPTY_BODY = YES;
				CLANG_WARN_ENUM_CONVERSION = YES;
				CLANG_WARN_INFINITE_RECURSION = YES;
				CLANG_WARN_INT_CONVERSION = YES;
				CLANG_WARN_NON_LITERAL_NULL_CONVERSION = YES;
				CLANG_WARN_OBJC_IMPLICIT_RETAIN_SELF = YES;
				CLANG_WARN_OBJC_LITERAL_CONVERSION = YES;
				CLANG_WARN_OBJC_ROOT_CLASS = YES_ERROR;
				CLANG_WARN_RANGE_LOOP_ANALYSIS = YES;
				CLANG_WARN_STRICT_PROTOTYPES = YES;
				CLANG_WARN_SUSPICIOUS_MOVE = YES;
				CLANG_WARN_UNGUARDED_AVAILABILITY = YES_AGGRESSIVE;
				CLANG_WARN_UNREACHABLE_CODE = YES;
				CLANG_WARN__DUPLICATE_METHOD_MATCH = YES;
				COPY_PHASE_STRIP = NO;
				DEBUG_INFORMATION_FORMAT = dwarf;
				ENABLE_STRICT_OBJC_MSGSEND = YES;
				ENABLE_TESTABILITY = YES;
				GCC_C_LANGUAGE_STANDARD = gnu11;
				GCC_DYNAMIC_NO_PIC = NO;
				GCC_NO_COMMON_BLOCKS = YES;
				GCC_OPTIMIZATION_LEVEL = 0;
				GCC_PREPROCESSOR_DEFINITIONS = (
					"DEBUG=1",
					"$(inherited)",
				);
				GCC_WARN_64_TO_32_BIT_CONVERSION = YES;
				GCC_WARN_ABOUT_RETURN_TYPE = YES_ERROR;
				GCC_WARN_UNDECLARED_SELECTOR = YES;
				GCC_WARN_UNINITIALIZED_AUTOS = YES_AGGRESSIVE;
				GCC_WARN_UNUSED_FUNCTION = YES;
				GCC_WARN_UNUSED_VARIABLE = YES;
				IPHONEOS_DEPLOYMENT_TARGET = 13.2;
				MTL_ENABLE_DEBUG_INFO = INCLUDE_SOURCE;
				MTL_FAST_MATH = YES;
				ONLY_ACTIVE_ARCH = YES;
				SDKROOT = iphoneos;
				SWIFT_ACTIVE_COMPILATION_CONDITIONS = DEBUG;
				SWIFT_OPTIMIZATION_LEVEL = "-Onone";
			};
			name = Debug;
		};
		460B9A7C23775E0300C2ADF0 /* Release */ = {
			isa = XCBuildConfiguration;
			buildSettings = {
				ALWAYS_SEARCH_USER_PATHS = NO;
				CLANG_ANALYZER_NONNULL = YES;
				CLANG_ANALYZER_NUMBER_OBJECT_CONVERSION = YES_AGGRESSIVE;
				CLANG_CXX_LANGUAGE_STANDARD = "gnu++14";
				CLANG_CXX_LIBRARY = "libc++";
				CLANG_ENABLE_MODULES = YES;
				CLANG_ENABLE_OBJC_ARC = YES;
				CLANG_ENABLE_OBJC_WEAK = YES;
				CLANG_WARN_BLOCK_CAPTURE_AUTORELEASING = YES;
				CLANG_WARN_BOOL_CONVERSION = YES;
				CLANG_WARN_COMMA = YES;
				CLANG_WARN_CONSTANT_CONVERSION = YES;
				CLANG_WARN_DEPRECATED_OBJC_IMPLEMENTATIONS = YES;
				CLANG_WARN_DIRECT_OBJC_ISA_USAGE = YES_ERROR;
				CLANG_WARN_DOCUMENTATION_COMMENTS = YES;
				CLANG_WARN_EMPTY_BODY = YES;
				CLANG_WARN_ENUM_CONVERSION = YES;
				CLANG_WARN_INFINITE_RECURSION = YES;
				CLANG_WARN_INT_CONVERSION = YES;
				CLANG_WARN_NON_LITERAL_NULL_CONVERSION = YES;
				CLANG_WARN_OBJC_IMPLICIT_RETAIN_SELF = YES;
				CLANG_WARN_OBJC_LITERAL_CONVERSION = YES;
				CLANG_WARN_OBJC_ROOT_CLASS = YES_ERROR;
				CLANG_WARN_RANGE_LOOP_ANALYSIS = YES;
				CLANG_WARN_STRICT_PROTOTYPES = YES;
				CLANG_WARN_SUSPICIOUS_MOVE = YES;
				CLANG_WARN_UNGUARDED_AVAILABILITY = YES_AGGRESSIVE;
				CLANG_WARN_UNREACHABLE_CODE = YES;
				CLANG_WARN__DUPLICATE_METHOD_MATCH = YES;
				COPY_PHASE_STRIP = NO;
				DEBUG_INFORMATION_FORMAT = "dwarf-with-dsym";
				ENABLE_NS_ASSERTIONS = NO;
				ENABLE_STRICT_OBJC_MSGSEND = YES;
				GCC_C_LANGUAGE_STANDARD = gnu11;
				GCC_NO_COMMON_BLOCKS = YES;
				GCC_WARN_64_TO_32_BIT_CONVERSION = YES;
				GCC_WARN_ABOUT_RETURN_TYPE = YES_ERROR;
				GCC_WARN_UNDECLARED_SELECTOR = YES;
				GCC_WARN_UNINITIALIZED_AUTOS = YES_AGGRESSIVE;
				GCC_WARN_UNUSED_FUNCTION = YES;
				GCC_WARN_UNUSED_VARIABLE = YES;
				IPHONEOS_DEPLOYMENT_TARGET = 13.2;
				MTL_ENABLE_DEBUG_INFO = NO;
				MTL_FAST_MATH = YES;
				SDKROOT = iphoneos;
				SWIFT_COMPILATION_MODE = wholemodule;
				SWIFT_OPTIMIZATION_LEVEL = "-O";
				VALIDATE_PRODUCT = YES;
			};
			name = Release;
		};
		460B9A7E23775E0300C2ADF0 /* Debug */ = {
			isa = XCBuildConfiguration;
			buildSettings = {
				ASSETCATALOG_COMPILER_APPICON_NAME = AppIcon;
				CODE_SIGN_STYLE = Automatic;
				DEVELOPMENT_ASSET_PATHS = "\"SwiftUi_Flipside/Preview Content\"";
				ENABLE_PREVIEWS = YES;
				INFOPLIST_FILE = SwiftUi_Flipside/Info.plist;
				LD_RUNPATH_SEARCH_PATHS = (
					"$(inherited)",
					"@executable_path/Frameworks",
				);
				PRODUCT_BUNDLE_IDENTIFIER = "com.breakawaydesign.SwiftUi-Flipside";
				PRODUCT_NAME = "$(TARGET_NAME)";
				SWIFT_VERSION = 5.0;
				TARGETED_DEVICE_FAMILY = "1,2";
			};
			name = Debug;
		};
		460B9A7F23775E0300C2ADF0 /* Release */ = {
			isa = XCBuildConfiguration;
			buildSettings = {
				ASSETCATALOG_COMPILER_APPICON_NAME = AppIcon;
				CODE_SIGN_STYLE = Automatic;
				DEVELOPMENT_ASSET_PATHS = "\"SwiftUi_Flipside/Preview Content\"";
				ENABLE_PREVIEWS = YES;
				INFOPLIST_FILE = SwiftUi_Flipside/Info.plist;
				LD_RUNPATH_SEARCH_PATHS = (
					"$(inherited)",
					"@executable_path/Frameworks",
				);
				PRODUCT_BUNDLE_IDENTIFIER = "com.breakawaydesign.SwiftUi-Flipside";
				PRODUCT_NAME = "$(TARGET_NAME)";
				SWIFT_VERSION = 5.0;
				TARGETED_DEVICE_FAMILY = "1,2";
			};
			name = Release;
		};
/* End XCBuildConfiguration section */

/* Begin XCConfigurationList section */
		460B9A6423775E0100C2ADF0 /* Build configuration list for PBXProject "SwiftUi_Flipside" */ = {
			isa = XCConfigurationList;
			buildConfigurations = (
				460B9A7B23775E0300C2ADF0 /* Debug */,
				460B9A7C23775E0300C2ADF0 /* Release */,
			);
			defaultConfigurationIsVisible = 0;
			defaultConfigurationName = Release;
		};
		460B9A7D23775E0300C2ADF0 /* Build configuration list for PBXNativeTarget "SwiftUi_Flipside" */ = {
			isa = XCConfigurationList;
			buildConfigurations = (
				460B9A7E23775E0300C2ADF0 /* Debug */,
				460B9A7F23775E0300C2ADF0 /* Release */,
			);
			defaultConfigurationIsVisible = 0;
			defaultConfigurationName = Release;
		};
/* End XCConfigurationList section */
	};
	rootObject = 460B9A6123775E0100C2ADF0 /* Project object */;
}
